
Microsoft Visual Studio Solution File, Format Version 12.00
# Visual Studio Version 16
VisualStudioVersion = 16.0.29519.87
MinimumVisualStudioVersion = 10.0.40219.1
Project("{8BC9CEB8-8B4A-11D0-8D11-00A0C91BC942}") = "Laba28.3", "Laba28.3.vcxproj", "{E3952C36-34EE-4CED-9FC1-95857F175052}"
EndProject
Global
	GlobalSection(SolutionConfigurationPlatforms) = preSolution
		Debug|x64 = Debug|x64
		Debug|x86 = Debug|x86
		Release|x64 = Release|x64
		Release|x86 = Release|x86
	EndGlobalSection
	GlobalSection(ProjectConfigurationPlatforms) = postSolution
		{E3952C36-34EE-4CED-9FC1-95857F175052}.Debug|x64.ActiveCfg = Debug|x64
		{E3952C36-34EE-4CED-9FC1-95857F175052}.Debug|x64.Build.0 = Debug|x64
		{E3952C36-34EE-4CED-9FC1-95857F175052}.Debug|x86.ActiveCfg = Debug|Win32
		{E3952C36-34EE-4CED-9FC1-95857F175052}.Debug|x86.Build.0 = Debug|Win32
		{E3952C36-34EE-4CED-9FC1-95857F175052}.Release|x64.ActiveCfg = Release|x64
		{E3952C36-34EE-4CED-9FC1-95857F175052}.Release|x64.Build.0 = Release|x64
		{E3952C36-34EE-4CED-9FC1-95857F175052}.Release|x86.ActiveCfg = Release|Win32
		{E3952C36-34EE-4CED-9FC1-95857F175052}.Release|x86.Build.0 = Release|Win32
	EndGlobalSection
	GlobalSection(SolutionProperties) = preSolution
		HideSolutionNode = FALSE
	EndGlobalSection
	GlobalSection(ExtensibilityGlobals) = postSolution
		SolutionGuid = {A1462E64-E752-40F0-93B2-527E91973C74}
	EndGlobalSection
EndGlobal
